
Microsoft Visual Studio Solution File, Format Version 12.00
# Visual Studio Version 16
VisualStudioVersion = 16.0.29709.97
MinimumVisualStudioVersion = 10.0.40219.1
Project("{9A19103F-16F7-4668-BE54-9A1E7A4F7556}") = "PizzaPalatsetWpf", "PizzaPalatsetWpf\PizzaPalatsetWpf.csproj", "{5FD3FCF2-8820-427E-AF79-4038782A0C0A}"
EndProject
Project("{9A19103F-16F7-4668-BE54-9A1E7A4F7556}") = "Helper", "PizzaPalatsetWpf\lib\Helper\Helper.csproj", "{1285BD0F-F0CA-48C5-986C-1E62BEF7756B}"
EndProject
Project("{9A19103F-16F7-4668-BE54-9A1E7A4F7556}") = "MsSqlRepo", "PizzaPalatsetWpf\lib\MsSqlRepo\MsSqlRepo.csproj", "{6190E346-9DFA-49D9-8692-4697773ED40E}"
EndProject
Project("{9A19103F-16F7-4668-BE54-9A1E7A4F7556}") = "TypeLib", "PizzaPalatsetWpf\lib\TypeLib\TypeLib.csproj", "{64E1C34A-5B9E-4CCD-888C-520F76F8B5B7}"
EndProject
Project("{2150E333-8FDC-42A3-9474-1A3956D46DE8}") = "Lib", "Lib", "{A79BA2F7-795D-430E-A9C9-56A6F1B841B9}"
EndProject
Global
	GlobalSection(SolutionConfigurationPlatforms) = preSolution
		Debug|Any CPU = Debug|Any CPU
		Release|Any CPU = Release|Any CPU
	EndGlobalSection
	GlobalSection(ProjectConfigurationPlatforms) = postSolution
		{5FD3FCF2-8820-427E-AF79-4038782A0C0A}.Debug|Any CPU.ActiveCfg = Debug|Any CPU
		{5FD3FCF2-8820-427E-AF79-4038782A0C0A}.Debug|Any CPU.Build.0 = Debug|Any CPU
		{5FD3FCF2-8820-427E-AF79-4038782A0C0A}.Release|Any CPU.ActiveCfg = Release|Any CPU
		{5FD3FCF2-8820-427E-AF79-4038782A0C0A}.Release|Any CPU.Build.0 = Release|Any CPU
		{1285BD0F-F0CA-48C5-986C-1E62BEF7756B}.Debug|Any CPU.ActiveCfg = Debug|Any CPU
		{1285BD0F-F0CA-48C5-986C-1E62BEF7756B}.Debug|Any CPU.Build.0 = Debug|Any CPU
		{1285BD0F-F0CA-48C5-986C-1E62BEF7756B}.Release|Any CPU.ActiveCfg = Release|Any CPU
		{1285BD0F-F0CA-48C5-986C-1E62BEF7756B}.Release|Any CPU.Build.0 = Release|Any CPU
		{6190E346-9DFA-49D9-8692-4697773ED40E}.Debug|Any CPU.ActiveCfg = Debug|Any CPU
		{6190E346-9DFA-49D9-8692-4697773ED40E}.Debug|Any CPU.Build.0 = Debug|Any CPU
		{6190E346-9DFA-49D9-8692-4697773ED40E}.Release|Any CPU.ActiveCfg = Release|Any CPU
		{6190E346-9DFA-49D9-8692-4697773ED40E}.Release|Any CPU.Build.0 = Release|Any CPU
		{64E1C34A-5B9E-4CCD-888C-520F76F8B5B7}.Debug|Any CPU.ActiveCfg = Debug|Any CPU
		{64E1C34A-5B9E-4CCD-888C-520F76F8B5B7}.Debug|Any CPU.Build.0 = Debug|Any CPU
		{64E1C34A-5B9E-4CCD-888C-520F76F8B5B7}.Release|Any CPU.ActiveCfg = Release|Any CPU
		{64E1C34A-5B9E-4CCD-888C-520F76F8B5B7}.Release|Any CPU.Build.0 = Release|Any CPU
	EndGlobalSection
	GlobalSection(SolutionProperties) = preSolution
		HideSolutionNode = FALSE
	EndGlobalSection
	GlobalSection(NestedProjects) = preSolution
		{1285BD0F-F0CA-48C5-986C-1E62BEF7756B} = {A79BA2F7-795D-430E-A9C9-56A6F1B841B9}
		{6190E346-9DFA-49D9-8692-4697773ED40E} = {A79BA2F7-795D-430E-A9C9-56A6F1B841B9}
		{64E1C34A-5B9E-4CCD-888C-520F76F8B5B7} = {A79BA2F7-795D-430E-A9C9-56A6F1B841B9}
	EndGlobalSection
	GlobalSection(ExtensibilityGlobals) = postSolution
		SolutionGuid = {D8EA2DB5-03E9-461A-A53B-1618BFEF4D4B}
	EndGlobalSection
EndGlobal
